
Microsoft Visual Studio Solution File, Format Version 12.00
Project("{FAE04EC0-301F-11D3-BF4B-00C04F79EFBC}") = "balancer", "balancer\balancer.csproj", "{BFD1611E-3B4E-4AAE-9200-DCC904E4E813}"
EndProject
Global
	GlobalSection(SolutionConfigurationPlatforms) = preSolution
		Debug|Any CPU = Debug|Any CPU
		Release|Any CPU = Release|Any CPU
	EndGlobalSection
	GlobalSection(ProjectConfigurationPlatforms) = postSolution
		{BFD1611E-3B4E-4AAE-9200-DCC904E4E813}.Debug|Any CPU.ActiveCfg = Debug|Any CPU
		{BFD1611E-3B4E-4AAE-9200-DCC904E4E813}.Debug|Any CPU.Build.0 = Debug|Any CPU
		{BFD1611E-3B4E-4AAE-9200-DCC904E4E813}.Release|Any CPU.ActiveCfg = Release|Any CPU
		{BFD1611E-3B4E-4AAE-9200-DCC904E4E813}.Release|Any CPU.Build.0 = Release|Any CPU
	EndGlobalSection
EndGlobal
